<Solution>
  <Folder Name="/build/">
    <Project Path="build/Tools/Tools.csproj" />
  </Folder>
  <Folder Name="/src/">
    <Project Path="src/International.EInvoicing.Cdar/International.EInvoicing.Cdar.csproj" />
    <Project Path="src/International.EInvoicing.Cii/International.EInvoicing.Cii.csproj" />
    <Project Path="src/International.EInvoicing.Core/International.EInvoicing.Core.csproj" />
    <Project Path="src/International.EInvoicing.Countries.Norway/International.EInvoicing.Countries.Norway.csproj" />
    <Project Path="src/International.EInvoicing.Countries.Sweden/International.EInvoicing.Countries.Sweden.csproj" />
    <Project Path="src/International.EInvoicing.Countries.Denmark/International.EInvoicing.Countries.Denmark.csproj" />
    <Project Path="src/International.EInvoicing.Countries.Netherlands/International.EInvoicing.Countries.Netherlands.csproj" />
    <Project Path="src/International.EInvoicing.Countries.Iceland/International.EInvoicing.Countries.Iceland.csproj" />
    <Project Path="src/International.EInvoicing.Countries.Croatia/International.EInvoicing.Countries.Croatia.csproj" />
    <Project Path="src/International.EInvoicing.Countries.Australia/International.EInvoicing.Countries.Australia.csproj" />
    <Project Path="src/International.EInvoicing.Countries.NewZealand/International.EInvoicing.Countries.NewZealand.csproj" />
    <Project Path="src/International.EInvoicing.Countries.Singapore/International.EInvoicing.Countries.Singapore.csproj" />
    <Project Path="src/International.EInvoicing.Countries.Malaysia/International.EInvoicing.Countries.Malaysia.csproj" />
    <Project Path="src/International.EInvoicing.Countries.Japan/International.EInvoicing.Countries.Japan.csproj" />
    <Project Path="src/International.EInvoicing.Countries.Romania/International.EInvoicing.Countries.Romania.csproj" />
    <Project Path="src/International.EInvoicing.Countries.Slovakia/International.EInvoicing.Countries.Slovakia.csproj" />
    <Project Path="src/International.EInvoicing.Countries.Serbia/International.EInvoicing.Countries.Serbia.csproj" />
    <Project Path="src/International.EInvoicing.Countries.Portugal/International.EInvoicing.Countries.Portugal.csproj" />
    <Project Path="src/International.EInvoicing.Countries.Greece/International.EInvoicing.Countries.Greece.csproj" />
    <Project Path="src/International.EInvoicing.Countries.Italy/International.EInvoicing.Countries.Italy.csproj" />
    <Project Path="src/International.EInvoicing.Countries.Belgium/International.EInvoicing.Countries.Belgium.csproj" />
    <Project Path="src/International.EInvoicing.Countries.France/International.EInvoicing.Countries.France.csproj" />
    <Project Path="src/International.EInvoicing.Countries.Germany/International.EInvoicing.Countries.Germany.csproj" />
    <Project Path="src/International.EInvoicing.OrderX/International.EInvoicing.OrderX.csproj" />
    <Project Path="src/International.EInvoicing.Zugferd1/International.EInvoicing.Zugferd1.csproj" />
    <Project Path="src/International.EInvoicing.FacturX.PdfSharp/International.EInvoicing.FacturX.PdfSharp.csproj" />
    <Project Path="src/International.EInvoicing.FacturX/International.EInvoicing.FacturX.csproj" />
    <Project Path="src/International.EInvoicing.Peppol/International.EInvoicing.Peppol.csproj" />
    <Project Path="src/International.EInvoicing.Ubl/International.EInvoicing.Ubl.csproj" />
    <Project Path="src/International.EInvoicing.Validation.En16931/International.EInvoicing.Validation.En16931.csproj" />
    <Project Path="src/International.EInvoicing.Validation.Schematron/International.EInvoicing.Validation.Schematron.csproj" />
    <Project Path="src/International.EInvoicing.Validation.Xsd/International.EInvoicing.Validation.Xsd.csproj" />
    <Project Path="src/International.EInvoicing.Validation.XRechnung/International.EInvoicing.Validation.XRechnung.csproj" />
    <Project Path="src/International.EInvoicing/International.EInvoicing.csproj" />
    <Project Path="src/International.EInvoicing.Cli/International.EInvoicing.Cli.csproj" />
    <Project Path="src/International.EInvoicing.Testing/International.EInvoicing.Testing.csproj" />
  </Folder>
  <Folder Name="/samples/">
    <Project Path="samples/International.EInvoicing.Samples/International.EInvoicing.Samples.csproj" />
  </Folder>
  <Folder Name="/tests/">
    <Project Path="tests/International.EInvoicing.Cdar.Tests/International.EInvoicing.Cdar.Tests.csproj" />
    <Project Path="tests/International.EInvoicing.OrderX.Tests/International.EInvoicing.OrderX.Tests.csproj" />
    <Project Path="tests/International.EInvoicing.Zugferd1.Tests/International.EInvoicing.Zugferd1.Tests.csproj" />
    <Project Path="tests/International.EInvoicing.Cii.Tests/International.EInvoicing.Cii.Tests.csproj" />
    <Project Path="tests/International.EInvoicing.Core.Tests/International.EInvoicing.Core.Tests.csproj" />
    <Project Path="tests/International.EInvoicing.Countries.Norway.Tests/International.EInvoicing.Countries.Norway.Tests.csproj" />
    <Project Path="tests/International.EInvoicing.Countries.Sweden.Tests/International.EInvoicing.Countries.Sweden.Tests.csproj" />
    <Project Path="tests/International.EInvoicing.Countries.Denmark.Tests/International.EInvoicing.Countries.Denmark.Tests.csproj" />
    <Project Path="tests/International.EInvoicing.Countries.Netherlands.Tests/International.EInvoicing.Countries.Netherlands.Tests.csproj" />
    <Project Path="tests/International.EInvoicing.Countries.Iceland.Tests/International.EInvoicing.Countries.Iceland.Tests.csproj" />
    <Project Path="tests/International.EInvoicing.Playground.Tests/International.EInvoicing.Playground.Tests.csproj" />
    <Project Path="tests/International.EInvoicing.Countries.Croatia.Tests/International.EInvoicing.Countries.Croatia.Tests.csproj" />
    <Project Path="tests/International.EInvoicing.Countries.Australia.Tests/International.EInvoicing.Countries.Australia.Tests.csproj" />
    <Project Path="tests/International.EInvoicing.Countries.NewZealand.Tests/International.EInvoicing.Countries.NewZealand.Tests.csproj" />
    <Project Path="tests/International.EInvoicing.Countries.Singapore.Tests/International.EInvoicing.Countries.Singapore.Tests.csproj" />
    <Project Path="tests/International.EInvoicing.Countries.Malaysia.Tests/International.EInvoicing.Countries.Malaysia.Tests.csproj" />
    <Project Path="tests/International.EInvoicing.Countries.Japan.Tests/International.EInvoicing.Countries.Japan.Tests.csproj" />
    <Project Path="tests/International.EInvoicing.Countries.Romania.Tests/International.EInvoicing.Countries.Romania.Tests.csproj" />
    <Project Path="tests/International.EInvoicing.Countries.Slovakia/International.EInvoicing.Countries.Slovakia.Tests.csproj" />
    <Project Path="tests/International.EInvoicing.Countries.Serbia.Tests/International.EInvoicing.Countries.Serbia.Tests.csproj" />
    <Project Path="tests/International.EInvoicing.Countries.Portugal.Tests/International.EInvoicing.Countries.Portugal.Tests.csproj" />
    <Project Path="tests/International.EInvoicing.Countries.Greece.Tests/International.EInvoicing.Countries.Greece.Tests.csproj" />
    <Project Path="tests/International.EInvoicing.Countries.Italy.Tests/International.EInvoicing.Countries.Italy.Tests.csproj" />
    <Project Path="tests/International.EInvoicing.Countries.Belgium.Tests/International.EInvoicing.Countries.Belgium.Tests.csproj" />
    <Project Path="tests/International.EInvoicing.Countries.France.Tests/International.EInvoicing.Countries.France.Tests.csproj" />
    <Project Path="tests/International.EInvoicing.Countries.Germany.Tests/International.EInvoicing.Countries.Germany.Tests.csproj" />
    <Project Path="tests/International.EInvoicing.FacturX.Tests/International.EInvoicing.FacturX.Tests.csproj" />
    <Project Path="tests/International.EInvoicing.Tests/International.EInvoicing.Tests.csproj" />
    <Project Path="tests/International.EInvoicing.Cli.Tests/International.EInvoicing.Cli.Tests.csproj" />
    <Project Path="tests/International.EInvoicing.Testing.Tests/International.EInvoicing.Testing.Tests.csproj" />
    <Project Path="tests/International.EInvoicing.Peppol.Tests/International.EInvoicing.Peppol.Tests.csproj" />
    <Project Path="tests/International.EInvoicing.Ubl.Tests/International.EInvoicing.Ubl.Tests.csproj" />
    <Project Path="tests/International.EInvoicing.Validation.En16931.Tests/International.EInvoicing.Validation.En16931.Tests.csproj" />
    <Project Path="tests/International.EInvoicing.Validation.Schematron.Tests/International.EInvoicing.Validation.Schematron.Tests.csproj" />
    <Project Path="tests/International.EInvoicing.Validation.Xsd.Tests/International.EInvoicing.Validation.Xsd.Tests.csproj" />
    <Project Path="tests/International.EInvoicing.Validation.XRechnung.Tests/International.EInvoicing.Validation.XRechnung.Tests.csproj" />
  </Folder>
  <Folder Name="/web/" />
  <Folder Name="/web/Playground/">
    <Project Path="web/Playground/International.EInvoicing.Playground.csproj" />
  </Folder>
</Solution>
