<Solution>
  <Folder Name="/build/">
    <Project Path="build/Tools/Tools.csproj" />
  </Folder>
  <Folder Name="/src/">
    <Project Path="src/International.EInvoicing.Cdar/International.EInvoicing.Cdar.csproj" />
    <Project Path="src/International.EInvoicing.Cii/International.EInvoicing.Cii.csproj" />
    <Project Path="src/International.EInvoicing.Core/International.EInvoicing.Core.csproj" />
    <Project Path="src/International.EInvoicing.Countries.Norway/International.EInvoicing.Countries.Norway.csproj" />
    <Project Path="src/International.EInvoicing.Countries.Sweden/International.EInvoicing.Countries.Sweden.csproj" />
    <Project Path="src/International.EInvoicing.Countries.Denmark/International.EInvoicing.Countries.Denmark.csproj" />
    <Project Path="src/International.EInvoicing.Countries.Netherlands/International.EInvoicing.Countries.Netherlands.csproj" />
    <Project Path="src/International.EInvoicing.Countries.Iceland/International.EInvoicing.Countries.Iceland.csproj" />
    <Project Path="src/International.EInvoicing.Countries.Croatia/International.EInvoicing.Countries.Croatia.csproj" />
    <Project Path="src/International.EInvoicing.Countries.Belgium/International.EInvoicing.Countries.Belgium.csproj" />
    <Project Path="src/International.EInvoicing.Countries.France/International.EInvoicing.Countries.France.csproj" />
    <Project Path="src/International.EInvoicing.Countries.Germany/International.EInvoicing.Countries.Germany.csproj" />
    <Project Path="src/International.EInvoicing.FacturX.PdfSharp/International.EInvoicing.FacturX.PdfSharp.csproj" />
    <Project Path="src/International.EInvoicing.FacturX/International.EInvoicing.FacturX.csproj" />
    <Project Path="src/International.EInvoicing.Peppol/International.EInvoicing.Peppol.csproj" />
    <Project Path="src/International.EInvoicing.Ubl/International.EInvoicing.Ubl.csproj" />
    <Project Path="src/International.EInvoicing.Validation.En16931/International.EInvoicing.Validation.En16931.csproj" />
    <Project Path="src/International.EInvoicing.Validation.Schematron/International.EInvoicing.Validation.Schematron.csproj" />
    <Project Path="src/International.EInvoicing.Validation.XRechnung/International.EInvoicing.Validation.XRechnung.csproj" />
    <Project Path="src/International.EInvoicing/International.EInvoicing.csproj" />
  </Folder>
  <Folder Name="/samples/">
    <Project Path="samples/International.EInvoicing.Samples/International.EInvoicing.Samples.csproj" />
  </Folder>
  <Folder Name="/tests/">
    <Project Path="tests/International.EInvoicing.Cdar.Tests/International.EInvoicing.Cdar.Tests.csproj" />
    <Project Path="tests/International.EInvoicing.Cii.Tests/International.EInvoicing.Cii.Tests.csproj" />
    <Project Path="tests/International.EInvoicing.Core.Tests/International.EInvoicing.Core.Tests.csproj" />
    <Project Path="tests/International.EInvoicing.Countries.Norway.Tests/International.EInvoicing.Countries.Norway.Tests.csproj" />
    <Project Path="tests/International.EInvoicing.Countries.Sweden.Tests/International.EInvoicing.Countries.Sweden.Tests.csproj" />
    <Project Path="tests/International.EInvoicing.Countries.Denmark.Tests/International.EInvoicing.Countries.Denmark.Tests.csproj" />
    <Project Path="tests/International.EInvoicing.Countries.Netherlands.Tests/International.EInvoicing.Countries.Netherlands.Tests.csproj" />
    <Project Path="tests/International.EInvoicing.Countries.Iceland.Tests/International.EInvoicing.Countries.Iceland.Tests.csproj" />
    <Project Path="tests/International.EInvoicing.Playground.Tests/International.EInvoicing.Playground.Tests.csproj" />
    <Project Path="tests/International.EInvoicing.Countries.Croatia.Tests/International.EInvoicing.Countries.Croatia.Tests.csproj" />
    <Project Path="tests/International.EInvoicing.Countries.Belgium.Tests/International.EInvoicing.Countries.Belgium.Tests.csproj" />
    <Project Path="tests/International.EInvoicing.Countries.France.Tests/International.EInvoicing.Countries.France.Tests.csproj" />
    <Project Path="tests/International.EInvoicing.Countries.Germany.Tests/International.EInvoicing.Countries.Germany.Tests.csproj" />
    <Project Path="tests/International.EInvoicing.FacturX.Tests/International.EInvoicing.FacturX.Tests.csproj" />
    <Project Path="tests/International.EInvoicing.Tests/International.EInvoicing.Tests.csproj" />
    <Project Path="tests/International.EInvoicing.Peppol.Tests/International.EInvoicing.Peppol.Tests.csproj" />
    <Project Path="tests/International.EInvoicing.Ubl.Tests/International.EInvoicing.Ubl.Tests.csproj" />
    <Project Path="tests/International.EInvoicing.Validation.En16931.Tests/International.EInvoicing.Validation.En16931.Tests.csproj" />
    <Project Path="tests/International.EInvoicing.Validation.Schematron.Tests/International.EInvoicing.Validation.Schematron.Tests.csproj" />
    <Project Path="tests/International.EInvoicing.Validation.XRechnung.Tests/International.EInvoicing.Validation.XRechnung.Tests.csproj" />
  </Folder>
  <Folder Name="/web/" />
  <Folder Name="/web/Playground/">
    <Project Path="web/Playground/International.EInvoicing.Playground.csproj" />
  </Folder>
</Solution>
