<Solution>
  <Folder Name="/build/">
    <Project Path="build/Tools/Tools.csproj" />
  </Folder>
  <Folder Name="/src/">
    <Project Path="src/International.EInvoicing.Core/International.EInvoicing.Core.csproj" />
  </Folder>
  <Folder Name="/tests/">
    <Project Path="tests/International.EInvoicing.Core.Tests/International.EInvoicing.Core.Tests.csproj" />
  </Folder>
</Solution>
